
Microsoft Visual Studio Solution File, Format Version 12.00
# Visual Studio Version 17
VisualStudioVersion = 17.14.36518.9 d17.14
MinimumVisualStudioVersion = 10.0.40219.1
Project("{FAE04EC0-301F-11D3-BF4B-00C04F79EFBC}") = "Apex", "Apex.csproj", "{3F510222-15AB-4F6E-B676-388E8A0B2515}"
EndProject
Global
	GlobalSection(SolutionConfigurationPlatforms) = preSolution
		Debug|Any CPU = Debug|Any CPU
		Release|Any CPU = Release|Any CPU
	EndGlobalSection
	GlobalSection(ProjectConfigurationPlatforms) = postSolution
		{3F510222-15AB-4F6E-B676-388E8A0B2515}.Debug|Any CPU.ActiveCfg = Debug|Any CPU
		{3F510222-15AB-4F6E-B676-388E8A0B2515}.Debug|Any CPU.Build.0 = Debug|Any CPU
		{3F510222-15AB-4F6E-B676-388E8A0B2515}.Release|Any CPU.ActiveCfg = Release|Any CPU
		{3F510222-15AB-4F6E-B676-388E8A0B2515}.Release|Any CPU.Build.0 = Release|Any CPU
	EndGlobalSection
	GlobalSection(SolutionProperties) = preSolution
		HideSolutionNode = FALSE
	EndGlobalSection
	GlobalSection(ExtensibilityGlobals) = postSolution
		SolutionGuid = {F372EC8F-06F1-4CF7-ADA1-C9B427EBEC35}
	EndGlobalSection
EndGlobal
